
Microsoft Visual Studio Solution File, Format Version 12.00
# Visual Studio Version 17
VisualStudioVersion = 17.6.33801.468
MinimumVisualStudioVersion = 10.0.40219.1
Project("{FAE04EC0-301F-11D3-BF4B-00C04F79EFBC}") = "Fov-Menu", "Fov-Menu\Fov-Menu.csproj", "{89615CDC-F112-4E20-809F-C039EC1D4463}"
EndProject
Global
	GlobalSection(SolutionConfigurationPlatforms) = preSolution
		Debug|Any CPU = Debug|Any CPU
		Release|Any CPU = Release|Any CPU
	EndGlobalSection
	GlobalSection(ProjectConfigurationPlatforms) = postSolution
		{89615CDC-F112-4E20-809F-C039EC1D4463}.Debug|Any CPU.ActiveCfg = Debug|Any CPU
		{89615CDC-F112-4E20-809F-C039EC1D4463}.Debug|Any CPU.Build.0 = Debug|Any CPU
		{89615CDC-F112-4E20-809F-C039EC1D4463}.Release|Any CPU.ActiveCfg = Release|Any CPU
		{89615CDC-F112-4E20-809F-C039EC1D4463}.Release|Any CPU.Build.0 = Release|Any CPU
		{89615CDC-F112-4E20-809F-C039EC1D4463}.Release|Any CPU.Deploy.0 = Release|Any CPU
	EndGlobalSection
	GlobalSection(SolutionProperties) = preSolution
		HideSolutionNode = FALSE
	EndGlobalSection
	GlobalSection(ExtensibilityGlobals) = postSolution
		SolutionGuid = {A379B1CD-388F-4EBE-BDC2-4405DC6BC186}
	EndGlobalSection
EndGlobal
